
Microsoft Visual Studio Solution File, Format Version 12.00
# Visual Studio 2013
VisualStudioVersion = 12.0.21005.1
MinimumVisualStudioVersion = 10.0.40219.1
Project("{FAE04EC0-301F-11D3-BF4B-00C04F79EFBC}") = "TenPinBowling", "TenPinBowling\TenPinBowling.csproj", "{4FD14409-8C39-49D6-B844-2045A35AC488}"
EndProject
Project("{FAE04EC0-301F-11D3-BF4B-00C04F79EFBC}") = "TenPinBowling.Tests", "TenPinBowling.Tests\TenPinBowling.Tests.csproj", "{3C92C512-99BF-4977-9311-C6221DF45AF6}"
EndProject
Global
	GlobalSection(SolutionConfigurationPlatforms) = preSolution
		Debug|Any CPU = Debug|Any CPU
		Release|Any CPU = Release|Any CPU
	EndGlobalSection
	GlobalSection(ProjectConfigurationPlatforms) = postSolution
		{4FD14409-8C39-49D6-B844-2045A35AC488}.Debug|Any CPU.ActiveCfg = Debug|Any CPU
		{4FD14409-8C39-49D6-B844-2045A35AC488}.Debug|Any CPU.Build.0 = Debug|Any CPU
		{4FD14409-8C39-49D6-B844-2045A35AC488}.Release|Any CPU.ActiveCfg = Release|Any CPU
		{4FD14409-8C39-49D6-B844-2045A35AC488}.Release|Any CPU.Build.0 = Release|Any CPU
		{3C92C512-99BF-4977-9311-C6221DF45AF6}.Debug|Any CPU.ActiveCfg = Debug|Any CPU
		{3C92C512-99BF-4977-9311-C6221DF45AF6}.Debug|Any CPU.Build.0 = Debug|Any CPU
		{3C92C512-99BF-4977-9311-C6221DF45AF6}.Release|Any CPU.ActiveCfg = Release|Any CPU
		{3C92C512-99BF-4977-9311-C6221DF45AF6}.Release|Any CPU.Build.0 = Release|Any CPU
	EndGlobalSection
	GlobalSection(SolutionProperties) = preSolution
		HideSolutionNode = FALSE
	EndGlobalSection
EndGlobal
